
Microsoft Visual Studio Solution File, Format Version 12.00
# Visual Studio Version 17
VisualStudioVersion = 17.11.35312.102
MinimumVisualStudioVersion = 10.0.40219.1
Project("{FAE04EC0-301F-11D3-BF4B-00C04F79EFBC}") = "Week13SQLDB", "Week13SQLDB\Week13SQLDB.csproj", "{87D90144-0D84-4792-BD52-922946496AEA}"
EndProject
Global
	GlobalSection(SolutionConfigurationPlatforms) = preSolution
		Debug|Any CPU = Debug|Any CPU
		Release|Any CPU = Release|Any CPU
	EndGlobalSection
	GlobalSection(ProjectConfigurationPlatforms) = postSolution
		{87D90144-0D84-4792-BD52-922946496AEA}.Debug|Any CPU.ActiveCfg = Debug|Any CPU
		{87D90144-0D84-4792-BD52-922946496AEA}.Debug|Any CPU.Build.0 = Debug|Any CPU
		{87D90144-0D84-4792-BD52-922946496AEA}.Release|Any CPU.ActiveCfg = Release|Any CPU
		{87D90144-0D84-4792-BD52-922946496AEA}.Release|Any CPU.Build.0 = Release|Any CPU
	EndGlobalSection
	GlobalSection(SolutionProperties) = preSolution
		HideSolutionNode = FALSE
	EndGlobalSection
	GlobalSection(ExtensibilityGlobals) = postSolution
		SolutionGuid = {05A9ED30-51E6-4A40-962F-03BC2A816E75}
	EndGlobalSection
EndGlobal
